
Microsoft Visual Studio Solution File, Format Version 12.00
# Visual Studio Version 17
VisualStudioVersion = 17.13.35931.197 d17.13
MinimumVisualStudioVersion = 10.0.40219.1
Project("{FAE04EC0-301F-11D3-BF4B-00C04F79EFBC}") = "lab8", "lab8\lab8.csproj", "{52D93E0C-0847-42B0-BE4B-528549B7671E}"
EndProject
Global
	GlobalSection(SolutionConfigurationPlatforms) = preSolution
		Debug|Any CPU = Debug|Any CPU
		Release|Any CPU = Release|Any CPU
	EndGlobalSection
	GlobalSection(ProjectConfigurationPlatforms) = postSolution
		{52D93E0C-0847-42B0-BE4B-528549B7671E}.Debug|Any CPU.ActiveCfg = Debug|Any CPU
		{52D93E0C-0847-42B0-BE4B-528549B7671E}.Debug|Any CPU.Build.0 = Debug|Any CPU
		{52D93E0C-0847-42B0-BE4B-528549B7671E}.Release|Any CPU.ActiveCfg = Release|Any CPU
		{52D93E0C-0847-42B0-BE4B-528549B7671E}.Release|Any CPU.Build.0 = Release|Any CPU
	EndGlobalSection
	GlobalSection(SolutionProperties) = preSolution
		HideSolutionNode = FALSE
	EndGlobalSection
	GlobalSection(ExtensibilityGlobals) = postSolution
		SolutionGuid = {13EF89B8-CC44-49F4-ABF5-9789BBF92ABF}
	EndGlobalSection
EndGlobal
